
Microsoft Visual Studio Solution File, Format Version 12.00
# Visual Studio 15
VisualStudioVersion = 15.0.28307.168
MinimumVisualStudioVersion = 10.0.40219.1
Project("{FAE04EC0-301F-11D3-BF4B-00C04F79EFBC}") = "VoiceRecorderCloud", "VoiceRecorderCloud\VoiceRecorderCloud.csproj", "{49D196B6-22FC-46BB-9886-71DB68EECBD8}"
EndProject
Project("{FAE04EC0-301F-11D3-BF4B-00C04F79EFBC}") = "SynologyAPI", "SynologyAPI\SynologyAPI.csproj", "{AEB31260-B8AC-45C9-BDFE-328528AD1F3D}"
EndProject
Project("{FAE04EC0-301F-11D3-BF4B-00C04F79EFBC}") = "TestLibrary", "TestLibrary\TestLibrary.csproj", "{DEA2C4AF-B202-4767-B587-50D17B32D518}"
EndProject
Global
	GlobalSection(SolutionConfigurationPlatforms) = preSolution
		Debug|Any CPU = Debug|Any CPU
		Release|Any CPU = Release|Any CPU
	EndGlobalSection
	GlobalSection(ProjectConfigurationPlatforms) = postSolution
		{49D196B6-22FC-46BB-9886-71DB68EECBD8}.Debug|Any CPU.ActiveCfg = Debug|Any CPU
		{49D196B6-22FC-46BB-9886-71DB68EECBD8}.Debug|Any CPU.Build.0 = Debug|Any CPU
		{49D196B6-22FC-46BB-9886-71DB68EECBD8}.Release|Any CPU.ActiveCfg = Release|Any CPU
		{49D196B6-22FC-46BB-9886-71DB68EECBD8}.Release|Any CPU.Build.0 = Release|Any CPU
		{AEB31260-B8AC-45C9-BDFE-328528AD1F3D}.Debug|Any CPU.ActiveCfg = Debug|Any CPU
		{AEB31260-B8AC-45C9-BDFE-328528AD1F3D}.Debug|Any CPU.Build.0 = Debug|Any CPU
		{AEB31260-B8AC-45C9-BDFE-328528AD1F3D}.Release|Any CPU.ActiveCfg = Release|Any CPU
		{AEB31260-B8AC-45C9-BDFE-328528AD1F3D}.Release|Any CPU.Build.0 = Release|Any CPU
		{DEA2C4AF-B202-4767-B587-50D17B32D518}.Debug|Any CPU.ActiveCfg = Debug|Any CPU
		{DEA2C4AF-B202-4767-B587-50D17B32D518}.Debug|Any CPU.Build.0 = Debug|Any CPU
		{DEA2C4AF-B202-4767-B587-50D17B32D518}.Release|Any CPU.ActiveCfg = Release|Any CPU
		{DEA2C4AF-B202-4767-B587-50D17B32D518}.Release|Any CPU.Build.0 = Release|Any CPU
	EndGlobalSection
	GlobalSection(SolutionProperties) = preSolution
		HideSolutionNode = FALSE
	EndGlobalSection
	GlobalSection(ExtensibilityGlobals) = postSolution
		SolutionGuid = {7F512BE2-C7E8-47BB-9816-481AA06E7667}
	EndGlobalSection
EndGlobal
